// !$*UTF8*$!
{
	archiveVersion = 1;
	classes = {
	};
	objectVersion = 46;
	objects = {

/* Begin PBXBuildFile section */
		F25F94511A0F227700216AB9 /* AppDelegate.swift in Sources */ = {isa = PBXBuildFile; fileRef = F25F94501A0F227700216AB9 /* AppDelegate.swift */; };
		F25F94531A0F227700216AB9 /* ViewController.swift in Sources */ = {isa = PBXBuildFile; fileRef = F25F94521A0F227700216AB9 /* ViewController.swift */; };
		F25F94561A0F227700216AB9 /* Main.storyboard in Resources */ = {isa = PBXBuildFile; fileRef = F25F94541A0F227700216AB9 /* Main.storyboard */; };
		F25F94581A0F227700216AB9 /* Images.xcassets in Resources */ = {isa = PBXBuildFile; fileRef = F25F94571A0F227700216AB9 /* Images.xcassets */; };
		F25F945B1A0F227700216AB9 /* LaunchScreen.xib in Resources */ = {isa = PBXBuildFile; fileRef = F25F94591A0F227700216AB9 /* LaunchScreen.xib */; };
		F25F94671A0F227700216AB9 /* Challenge1Tests.swift in Sources */ = {isa = PBXBuildFile; fileRef = F25F94661A0F227700216AB9 /* Challenge1Tests.swift */; };
		F25F94721A0F22E600216AB9 /* AlbertEinsteinStamp.jpg in Resources */ = {isa = PBXBuildFile; fileRef = F25F94701A0F22E600216AB9 /* AlbertEinsteinStamp.jpg */; };
		F25F94731A0F22E600216AB9 /* SagradaFamilia.jpeg in Resources */ = {isa = PBXBuildFile; fileRef = F25F94711A0F22E600216AB9 /* SagradaFamilia.jpeg */; };
/* End PBXBuildFile section */

/* Begin PBXContainerItemProxy section */
		F25F94611A0F227700216AB9 /* PBXContainerItemProxy */ = {
			isa = PBXContainerItemProxy;
			containerPortal = F25F94431A0F227700216AB9 /* Project object */;
			proxyType = 1;
			remoteGlobalIDString = F25F944A1A0F227700216AB9;
			remoteInfo = Challenge1;
		};
/* End PBXContainerItemProxy section */

/* Begin PBXFileReference section */
		F25F944B1A0F227700216AB9 /* Challenge1.app */ = {isa = PBXFileReference; explicitFileType = wrapper.application; includeInIndex = 0; path = Challenge1.app; sourceTree = BUILT_PRODUCTS_DIR; };
		F25F944F1A0F227700216AB9 /* Info.plist */ = {isa = PBXFileReference; lastKnownFileType = text.plist.xml; path = Info.plist; sourceTree = "<group>"; };
		F25F94501A0F227700216AB9 /* AppDelegate.swift */ = {isa = PBXFileReference; lastKnownFileType = sourcecode.swift; path = AppDelegate.swift; sourceTree = "<group>"; };
		F25F94521A0F227700216AB9 /* ViewController.swift */ = {isa = PBXFileReference; lastKnownFileType = sourcecode.swift; path = ViewController.swift; sourceTree = "<group>"; };
		F25F94551A0F227700216AB9 /* Base */ = {isa = PBXFileReference; lastKnownFileType = file.storyboard; name = Base; path = Base.lproj/Main.storyboard; sourceTree = "<group>"; };
		F25F94571A0F227700216AB9 /* Images.xcassets */ = {isa = PBXFileReference; lastKnownFileType = folder.assetcatalog; path = Images.xcassets; sourceTree = "<group>"; };
		F25F945A1A0F227700216AB9 /* Base */ = {isa = PBXFileReference; lastKnownFileType = file.xib; name = Base; path = Base.lproj/LaunchScreen.xib; sourceTree = "<group>"; };
		F25F94601A0F227700216AB9 /* Challenge1Tests.xctest */ = {isa = PBXFileReference; explicitFileType = wrapper.cfbundle; includeInIndex = 0; path = Challenge1Tests.xctest; sourceTree = BUILT_PRODUCTS_DIR; };
		F25F94651A0F227700216AB9 /* Info.plist */ = {isa = PBXFileReference; lastKnownFileType = text.plist.xml; path = Info.plist; sourceTree = "<group>"; };
		F25F94661A0F227700216AB9 /* Challenge1Tests.swift */ = {isa = PBXFileReference; lastKnownFileType = sourcecode.swift; path = Challenge1Tests.swift; sourceTree = "<group>"; };
		F25F94701A0F22E600216AB9 /* AlbertEinsteinStamp.jpg */ = {isa = PBXFileReference; lastKnownFileType = image.jpeg; path = AlbertEinsteinStamp.jpg; sourceTree = "<group>"; };
		F25F94711A0F22E600216AB9 /* SagradaFamilia.jpeg */ = {isa = PBXFileReference; lastKnownFileType = image.jpeg; path = SagradaFamilia.jpeg; sourceTree = "<group>"; };
/* End PBXFileReference section */

/* Begin PBXFrameworksBuildPhase section */
		F25F94481A0F227700216AB9 /* Frameworks */ = {
			isa = PBXFrameworksBuildPhase;
			buildActionMask = 2147483647;
			files = (
			);
			runOnlyForDeploymentPostprocessing = 0;
		};
		F25F945D1A0F227700216AB9 /* Frameworks */ = {
			isa = PBXFrameworksBuildPhase;
			buildActionMask = 2147483647;
			files = (
			);
			runOnlyForDeploymentPostprocessing = 0;
		};
/* End PBXFrameworksBuildPhase section */

/* Begin PBXGroup section */
		F25F94421A0F227700216AB9 = {
			isa = PBXGroup;
			children = (
				F25F944D1A0F227700216AB9 /* Challenge1 */,
				F25F94631A0F227700216AB9 /* Challenge1Tests */,
				F25F944C1A0F227700216AB9 /* Products */,
			);
			sourceTree = "<group>";
		};
		F25F944C1A0F227700216AB9 /* Products */ = {
			isa = PBXGroup;
			children = (
				F25F944B1A0F227700216AB9 /* Challenge1.app */,
				F25F94601A0F227700216AB9 /* Challenge1Tests.xctest */,
			);
			name = Products;
			sourceTree = "<group>";
		};
		F25F944D1A0F227700216AB9 /* Challenge1 */ = {
			isa = PBXGroup;
			children = (
				F25F94501A0F227700216AB9 /* AppDelegate.swift */,
				F25F94521A0F227700216AB9 /* ViewController.swift */,
				F25F94541A0F227700216AB9 /* Main.storyboard */,
				F25F94571A0F227700216AB9 /* Images.xcassets */,
				F25F94591A0F227700216AB9 /* LaunchScreen.xib */,
				F25F944E1A0F227700216AB9 /* Supporting Files */,
			);
			path = Challenge1;
			sourceTree = "<group>";
		};
		F25F944E1A0F227700216AB9 /* Supporting Files */ = {
			isa = PBXGroup;
			children = (
				F25F94741A0F22EC00216AB9 /* Images */,
				F25F944F1A0F227700216AB9 /* Info.plist */,
			);
			name = "Supporting Files";
			sourceTree = "<group>";
		};
		F25F94631A0F227700216AB9 /* Challenge1Tests */ = {
			isa = PBXGroup;
			children = (
				F25F94661A0F227700216AB9 /* Challenge1Tests.swift */,
				F25F94641A0F227700216AB9 /* Supporting Files */,
			);
			path = Challenge1Tests;
			sourceTree = "<group>";
		};
		F25F94641A0F227700216AB9 /* Supporting Files */ = {
			isa = PBXGroup;
			children = (
				F25F94651A0F227700216AB9 /* Info.plist */,
			);
			name = "Supporting Files";
			sourceTree = "<group>";
		};
		F25F94741A0F22EC00216AB9 /* Images */ = {
			isa = PBXGroup;
			children = (
				F25F94701A0F22E600216AB9 /* AlbertEinsteinStamp.jpg */,
				F25F94711A0F22E600216AB9 /* SagradaFamilia.jpeg */,
			);
			name = Images;
			sourceTree = "<group>";
		};
/* End PBXGroup section */

/* Begin PBXNativeTarget section */
		F25F944A1A0F227700216AB9 /* Challenge1 */ = {
			isa = PBXNativeTarget;
			buildConfigurationList = F25F946A1A0F227700216AB9 /* Build configuration list for PBXNativeTarget "Challenge1" */;
			buildPhases = (
				F25F94471A0F227700216AB9 /* Sources */,
				F25F94481A0F227700216AB9 /* Frameworks */,
				F25F94491A0F227700216AB9 /* Resources */,
			);
			buildRules = (
			);
			dependencies = (
			);
			name = Challenge1;
			productName = Challenge1;
			productReference = F25F944B1A0F227700216AB9 /* Challenge1.app */;
			productType = "com.apple.product-type.application";
		};
		F25F945F1A0F227700216AB9 /* Challenge1Tests */ = {
			isa = PBXNativeTarget;
			buildConfigurationList = F25F946D1A0F227700216AB9 /* Build configuration list for PBXNativeTarget "Challenge1Tests" */;
			buildPhases = (
				F25F945C1A0F227700216AB9 /* Sources */,
				F25F945D1A0F227700216AB9 /* Frameworks */,
				F25F945E1A0F227700216AB9 /* Resources */,
			);
			buildRules = (
			);
			dependencies = (
				F25F94621A0F227700216AB9 /* PBXTargetDependency */,
			);
			name = Challenge1Tests;
			productName = Challenge1Tests;
			productReference = F25F94601A0F227700216AB9 /* Challenge1Tests.xctest */;
			productType = "com.apple.product-type.bundle.unit-test";
		};
/* End PBXNativeTarget section */

/* Begin PBXProject section */
		F25F94431A0F227700216AB9 /* Project object */ = {
			isa = PBXProject;
			attributes = {
				LastUpgradeCheck = 0600;
				ORGANIZATIONNAME = cornFalkes;
				TargetAttributes = {
					F25F944A1A0F227700216AB9 = {
						CreatedOnToolsVersion = 6.0;
					};
					F25F945F1A0F227700216AB9 = {
						CreatedOnToolsVersion = 6.0;
						TestTargetID = F25F944A1A0F227700216AB9;
					};
				};
			};
			buildConfigurationList = F25F94461A0F227700216AB9 /* Build configuration list for PBXProject "Challenge1" */;
			compatibilityVersion = "Xcode 3.2";
			developmentRegion = English;
			hasScannedForEncodings = 0;
			knownRegions = (
				en,
				Base,
			);
			mainGroup = F25F94421A0F227700216AB9;
			productRefGroup = F25F944C1A0F227700216AB9 /* Products */;
			projectDirPath = "";
			projectRoot = "";
			targets = (
				F25F944A1A0F227700216AB9 /* Challenge1 */,
				F25F945F1A0F227700216AB9 /* Challenge1Tests */,
			);
		};
/* End PBXProject section */

/* Begin PBXResourcesBuildPhase section */
		F25F94491A0F227700216AB9 /* Resources */ = {
			isa = PBXResourcesBuildPhase;
			buildActionMask = 2147483647;
			files = (
				F25F94721A0F22E600216AB9 /* AlbertEinsteinStamp.jpg in Resources */,
				F25F94561A0F227700216AB9 /* Main.storyboard in Resources */,
				F25F945B1A0F227700216AB9 /* LaunchScreen.xib in Resources */,
				F25F94581A0F227700216AB9 /* Images.xcassets in Resources */,
				F25F94731A0F22E600216AB9 /* SagradaFamilia.jpeg in Resources */,
			);
			runOnlyForDeploymentPostprocessing = 0;
		};
		F25F945E1A0F227700216AB9 /* Resources */ = {
			isa = PBXResourcesBuildPhase;
			buildActionMask = 2147483647;
			files = (
			);
			runOnlyForDeploymentPostprocessing = 0;
		};
/* End PBXResourcesBuildPhase section */

/* Begin PBXSourcesBuildPhase section */
		F25F94471A0F227700216AB9 /* Sources */ = {
			isa = PBXSourcesBuildPhase;
			buildActionMask = 2147483647;
			files = (
				F25F94531A0F227700216AB9 /* ViewController.swift in Sources */,
				F25F94511A0F227700216AB9 /* AppDelegate.swift in Sources */,
			);
			runOnlyForDeploymentPostprocessing = 0;
		};
		F25F945C1A0F227700216AB9 /* Sources */ = {
			isa = PBXSourcesBuildPhase;
			buildActionMask = 2147483647;
			files = (
				F25F94671A0F227700216AB9 /* Challenge1Tests.swift in Sources */,
			);
			runOnlyForDeploymentPostprocessing = 0;
		};
/* End PBXSourcesBuildPhase section */

/* Begin PBXTargetDependency section */
		F25F94621A0F227700216AB9 /* PBXTargetDependency */ = {
			isa = PBXTargetDependency;
			target = F25F944A1A0F227700216AB9 /* Challenge1 */;
			targetProxy = F25F94611A0F227700216AB9 /* PBXContainerItemProxy */;
		};
/* End PBXTargetDependency section */

/* Begin PBXVariantGroup section */
		F25F94541A0F227700216AB9 /* Main.storyboard */ = {
			isa = PBXVariantGroup;
			children = (
				F25F94551A0F227700216AB9 /* Base */,
			);
			name = Main.storyboard;
			sourceTree = "<group>";
		};
		F25F94591A0F227700216AB9 /* LaunchScreen.xib */ = {
			isa = PBXVariantGroup;
			children = (
				F25F945A1A0F227700216AB9 /* Base */,
			);
			name = LaunchScreen.xib;
			sourceTree = "<group>";
		};
/* End PBXVariantGroup section */

/* Begin XCBuildConfiguration section */
		F25F94681A0F227700216AB9 /* Debug */ = {
			isa = XCBuildConfiguration;
			buildSettings = {
				ALWAYS_SEARCH_USER_PATHS = NO;
				CLANG_CXX_LANGUAGE_STANDARD = "gnu++0x";
				CLANG_CXX_LIBRARY = "libc++";
				CLANG_ENABLE_MODULES = YES;
				CLANG_ENABLE_OBJC_ARC = YES;
				CLANG_WARN_BOOL_CONVERSION = YES;
				CLANG_WARN_CONSTANT_CONVERSION = YES;
				CLANG_WARN_DIRECT_OBJC_ISA_USAGE = YES_ERROR;
				CLANG_WARN_EMPTY_BODY = YES;
				CLANG_WARN_ENUM_CONVERSION = YES;
				CLANG_WARN_INT_CONVERSION = YES;
				CLANG_WARN_OBJC_ROOT_CLASS = YES_ERROR;
				CLANG_WARN_UNREACHABLE_CODE = YES;
				CLANG_WARN__DUPLICATE_METHOD_MATCH = YES;
				"CODE_SIGN_IDENTITY[sdk=iphoneos*]" = "iPhone Developer";
				COPY_PHASE_STRIP = NO;
				ENABLE_STRICT_OBJC_MSGSEND = YES;
				GCC_C_LANGUAGE_STANDARD = gnu99;
				GCC_DYNAMIC_NO_PIC = NO;
				GCC_OPTIMIZATION_LEVEL = 0;
				GCC_PREPROCESSOR_DEFINITIONS = (
					"DEBUG=1",
					"$(inherited)",
				);
				GCC_SYMBOLS_PRIVATE_EXTERN = NO;
				GCC_WARN_64_TO_32_BIT_CONVERSION = YES;
				GCC_WARN_ABOUT_RETURN_TYPE = YES_ERROR;
				GCC_WARN_UNDECLARED_SELECTOR = YES;
				GCC_WARN_UNINITIALIZED_AUTOS = YES_AGGRESSIVE;
				GCC_WARN_UNUSED_FUNCTION = YES;
				GCC_WARN_UNUSED_VARIABLE = YES;
				IPHONEOS_DEPLOYMENT_TARGET = 8.0;
				MTL_ENABLE_DEBUG_INFO = YES;
				ONLY_ACTIVE_ARCH = YES;
				SDKROOT = iphoneos;
				SWIFT_OPTIMIZATION_LEVEL = "-Onone";
			};
			name = Debug;
		};
		F25F94691A0F227700216AB9 /* Release */ = {
			isa = XCBuildConfiguration;
			buildSettings = {
				ALWAYS_SEARCH_USER_PATHS = NO;
				CLANG_CXX_LANGUAGE_STANDARD = "gnu++0x";
				CLANG_CXX_LIBRARY = "libc++";
				CLANG_ENABLE_MODULES = YES;
				CLANG_ENABLE_OBJC_ARC = YES;
				CLANG_WARN_BOOL_CONVERSION = YES;
				CLANG_WARN_CONSTANT_CONVERSION = YES;
				CLANG_WARN_DIRECT_OBJC_ISA_USAGE = YES_ERROR;
				CLANG_WARN_EMPTY_BODY = YES;
				CLANG_WARN_ENUM_CONVERSION = YES;
				CLANG_WARN_INT_CONVERSION = YES;
				CLANG_WARN_OBJC_ROOT_CLASS = YES_ERROR;
				CLANG_WARN_UNREACHABLE_CODE = YES;
				CLANG_WARN__DUPLICATE_METHOD_MATCH = YES;
				"CODE_SIGN_IDENTITY[sdk=iphoneos*]" = "iPhone Developer";
				COPY_PHASE_STRIP = YES;
				ENABLE_NS_ASSERTIONS = NO;
				ENABLE_STRICT_OBJC_MSGSEND = YES;
				GCC_C_LANGUAGE_STANDARD = gnu99;
				GCC_WARN_64_TO_32_BIT_CONVERSION = YES;
				GCC_WARN_ABOUT_RETURN_TYPE = YES_ERROR;
				GCC_WARN_UNDECLARED_SELECTOR = YES;
				GCC_WARN_UNINITIALIZED_AUTOS = YES_AGGRESSIVE;
				GCC_WARN_UNUSED_FUNCTION = YES;
				GCC_WARN_UNUSED_VARIABLE = YES;
				IPHONEOS_DEPLOYMENT_TARGET = 8.0;
				MTL_ENABLE_DEBUG_INFO = NO;
				SDKROOT = iphoneos;
				VALIDATE_PRODUCT = YES;
			};
			name = Release;
		};
		F25F946B1A0F227700216AB9 /* Debug */ = {
			isa = XCBuildConfiguration;
			buildSettings = {
				ASSETCATALOG_COMPILER_APPICON_NAME = AppIcon;
				INFOPLIST_FILE = Challenge1/Info.plist;
				LD_RUNPATH_SEARCH_PATHS = "$(inherited) @executable_path/Frameworks";
				PRODUCT_NAME = "$(TARGET_NAME)";
			};
			name = Debug;
		};
		F25F946C1A0F227700216AB9 /* Release */ = {
			isa = XCBuildConfiguration;
			buildSettings = {
				ASSETCATALOG_COMPILER_APPICON_NAME = AppIcon;
				INFOPLIST_FILE = Challenge1/Info.plist;
				LD_RUNPATH_SEARCH_PATHS = "$(inherited) @executable_path/Frameworks";
				PRODUCT_NAME = "$(TARGET_NAME)";
			};
			name = Release;
		};
		F25F946E1A0F227700216AB9 /* Debug */ = {
			isa = XCBuildConfiguration;
			buildSettings = {
				BUNDLE_LOADER = "$(TEST_HOST)";
				FRAMEWORK_SEARCH_PATHS = (
					"$(SDKROOT)/Developer/Library/Frameworks",
					"$(inherited)",
				);
				GCC_PREPROCESSOR_DEFINITIONS = (
					"DEBUG=1",
					"$(inherited)",
				);
				INFOPLIST_FILE = Challenge1Tests/Info.plist;
				LD_RUNPATH_SEARCH_PATHS = "$(inherited) @executable_path/Frameworks @loader_path/Frameworks";
				PRODUCT_NAME = "$(TARGET_NAME)";
				TEST_HOST = "$(BUILT_PRODUCTS_DIR)/Challenge1.app/Challenge1";
			};
			name = Debug;
		};
		F25F946F1A0F227700216AB9 /* Release */ = {
			isa = XCBuildConfiguration;
			buildSettings = {
				BUNDLE_LOADER = "$(TEST_HOST)";
				FRAMEWORK_SEARCH_PATHS = (
					"$(SDKROOT)/Developer/Library/Frameworks",
					"$(inherited)",
				);
				INFOPLIST_FILE = Challenge1Tests/Info.plist;
				LD_RUNPATH_SEARCH_PATHS = "$(inherited) @executable_path/Frameworks @loader_path/Frameworks";
				PRODUCT_NAME = "$(TARGET_NAME)";
				TEST_HOST = "$(BUILT_PRODUCTS_DIR)/Challenge1.app/Challenge1";
			};
			name = Release;
		};
/* End XCBuildConfiguration section */

/* Begin XCConfigurationList section */
		F25F94461A0F227700216AB9 /* Build configuration list for PBXProject "Challenge1" */ = {
			isa = XCConfigurationList;
			buildConfigurations = (
				F25F94681A0F227700216AB9 /* Debug */,
				F25F94691A0F227700216AB9 /* Release */,
			);
			defaultConfigurationIsVisible = 0;
			defaultConfigurationName = Release;
		};
		F25F946A1A0F227700216AB9 /* Build configuration list for PBXNativeTarget "Challenge1" */ = {
			isa = XCConfigurationList;
			buildConfigurations = (
				F25F946B1A0F227700216AB9 /* Debug */,
				F25F946C1A0F227700216AB9 /* Release */,
			);
			defaultConfigurationIsVisible = 0;
		};
		F25F946D1A0F227700216AB9 /* Build configuration list for PBXNativeTarget "Challenge1Tests" */ = {
			isa = XCConfigurationList;
			buildConfigurations = (
				F25F946E1A0F227700216AB9 /* Debug */,
				F25F946F1A0F227700216AB9 /* Release */,
			);
			defaultConfigurationIsVisible = 0;
		};
/* End XCConfigurationList section */
	};
	rootObject = F25F94431A0F227700216AB9 /* Project object */;
}
